
Microsoft Visual Studio Solution File, Format Version 12.00
# Visual Studio 15
Project("{FAE04EC0-301F-11D3-BF4B-00C04F79EFBC}") = "UnityEngine.TestRunner", "UnityEngine.TestRunner.csproj", "{23F56F55-FC64-E0B0-E2F8-8B2C6D097DAA}"
EndProject
Project("{FAE04EC0-301F-11D3-BF4B-00C04F79EFBC}") = "UnityEngine.UI", "UnityEngine.UI.csproj", "{6DB5C1CC-995C-F34D-ACEF-B3743E85F6F0}"
EndProject
Project("{FAE04EC0-301F-11D3-BF4B-00C04F79EFBC}") = "Unity.TextMeshPro", "Unity.TextMeshPro.csproj", "{08B0C7C4-40C2-A438-D343-FC063BB9829F}"
EndProject
Project("{FAE04EC0-301F-11D3-BF4B-00C04F79EFBC}") = "Unity.2D.Animation.Runtime", "Unity.2D.Animation.Runtime.csproj", "{7AC6173A-7071-446A-EE42-09F64C6BFCFE}"
EndProject
Project("{FAE04EC0-301F-11D3-BF4B-00C04F79EFBC}") = "Unity.Mathematics", "Unity.Mathematics.csproj", "{9EFBFEA5-8620-2453-DFE8-E05F79DF775D}"
EndProject
Project("{FAE04EC0-301F-11D3-BF4B-00C04F79EFBC}") = "Unity.2D.SpriteShape.Runtime", "Unity.2D.SpriteShape.Runtime.csproj", "{B3E1D9F4-FB90-F9A1-704A-12FC9B1A9351}"
EndProject
Project("{FAE04EC0-301F-11D3-BF4B-00C04F79EFBC}") = "Assembly-CSharp", "Assembly-CSharp.csproj", "{D75FEF16-29DB-EEB5-B479-727D89AFECDE}"
EndProject
Project("{FAE04EC0-301F-11D3-BF4B-00C04F79EFBC}") = "Unity.2D.PixelPerfect", "Unity.2D.PixelPerfect.csproj", "{97A26D26-E3A6-0AD1-64E7-2950DB1457FE}"
EndProject
Project("{FAE04EC0-301F-11D3-BF4B-00C04F79EFBC}") = "Unity.InternalAPIEngineBridge.001", "Unity.InternalAPIEngineBridge.001.csproj", "{C16E06AF-E010-0ECB-3FA3-96E0A1790DEF}"
EndProject
Project("{FAE04EC0-301F-11D3-BF4B-00C04F79EFBC}") = "Unity.2D.Common.Runtime", "Unity.2D.Common.Runtime.csproj", "{75724AA4-AD01-A885-A290-088F06EA72B3}"
EndProject
Project("{FAE04EC0-301F-11D3-BF4B-00C04F79EFBC}") = "UnityEditor.TestRunner", "UnityEditor.TestRunner.csproj", "{B570AB66-ECFD-7FCB-12F1-BA3A2A698FF9}"
EndProject
Project("{FAE04EC0-301F-11D3-BF4B-00C04F79EFBC}") = "Unity.VisualStudio.Editor", "Unity.VisualStudio.Editor.csproj", "{4043AFC8-FD93-2888-BB0A-2626D868A033}"
EndProject
Project("{FAE04EC0-301F-11D3-BF4B-00C04F79EFBC}") = "Unity.TextMeshPro.Editor", "Unity.TextMeshPro.Editor.csproj", "{43CDAAA1-B71B-8E15-FEAF-1B7AA5D5A12B}"
EndProject
Project("{FAE04EC0-301F-11D3-BF4B-00C04F79EFBC}") = "Unity.2D.Animation.Triangle.Editor", "Unity.2D.Animation.Triangle.Editor.csproj", "{0E394020-96B6-C0F6-C1E4-4D5D7CC6CEED}"
EndProject
Project("{FAE04EC0-301F-11D3-BF4B-00C04F79EFBC}") = "Unity.2D.Animation.Editor", "Unity.2D.Animation.Editor.csproj", "{2141C06A-203C-F8F7-3E38-A61EE1821089}"
EndProject
Project("{FAE04EC0-301F-11D3-BF4B-00C04F79EFBC}") = "Unity.2D.Path.Editor", "Unity.2D.Path.Editor.csproj", "{2A368A86-F5A2-C15B-3C4C-7C694A62C16E}"
EndProject
Project("{FAE04EC0-301F-11D3-BF4B-00C04F79EFBC}") = "Unity.2D.Sprite.Editor", "Unity.2D.Sprite.Editor.csproj", "{098EFF0F-1512-493F-5BDF-1BDAD1539DB0}"
EndProject
Project("{FAE04EC0-301F-11D3-BF4B-00C04F79EFBC}") = "UnityEditor.UI", "UnityEditor.UI.csproj", "{94AD3C5F-6C36-0F2A-78BE-D0A978C1CEF7}"
EndProject
Project("{FAE04EC0-301F-11D3-BF4B-00C04F79EFBC}") = "Unity.2D.Tilemap.Editor", "Unity.2D.Tilemap.Editor.csproj", "{1B070270-D035-1F04-524B-D498F4665413}"
EndProject
Project("{FAE04EC0-301F-11D3-BF4B-00C04F79EFBC}") = "Unity.2D.SpriteShape.Editor", "Unity.2D.SpriteShape.Editor.csproj", "{0739AB16-8AA0-6F13-81DE-14960E4F6D5F}"
EndProject
Project("{FAE04EC0-301F-11D3-BF4B-00C04F79EFBC}") = "PsdPlugin", "PsdPlugin.csproj", "{77F04432-69DA-9EBF-74EE-E90D0D16E835}"
EndProject
Project("{FAE04EC0-301F-11D3-BF4B-00C04F79EFBC}") = "Unity.2D.Common.Editor", "Unity.2D.Common.Editor.csproj", "{27605E7E-9D6B-2FDD-C96B-787006B87DC5}"
EndProject
Project("{FAE04EC0-301F-11D3-BF4B-00C04F79EFBC}") = "Unity.2D.Psdimporter.Editor", "Unity.2D.Psdimporter.Editor.csproj", "{7664C89C-3310-D23A-CDB9-0FD6368E8168}"
EndProject
Project("{FAE04EC0-301F-11D3-BF4B-00C04F79EFBC}") = "Unity.2D.PixelPerfect.Editor", "Unity.2D.PixelPerfect.Editor.csproj", "{EF569999-83AE-21AE-36D9-D203E98B31B2}"
EndProject
Project("{FAE04EC0-301F-11D3-BF4B-00C04F79EFBC}") = "Unity.Mathematics.Editor", "Unity.Mathematics.Editor.csproj", "{F2FC1448-109A-4C29-59DF-62E6FDA7CA9F}"
EndProject
Project("{FAE04EC0-301F-11D3-BF4B-00C04F79EFBC}") = "Unity.InternalAPIEditorBridge.001", "Unity.InternalAPIEditorBridge.001.csproj", "{FAF1BC49-9719-2578-9BE5-6ECE36492387}"
EndProject
Global
	GlobalSection(SolutionConfigurationPlatforms) = preSolution
		Debug|Any CPU = Debug|Any CPU
		Release|Any CPU = Release|Any CPU
	EndGlobalSection
	GlobalSection(ProjectConfigurationPlatforms) = postSolution
		{23F56F55-FC64-E0B0-E2F8-8B2C6D097DAA}.Debug|Any CPU.ActiveCfg = Debug|Any CPU
		{23F56F55-FC64-E0B0-E2F8-8B2C6D097DAA}.Debug|Any CPU.Build.0 = Debug|Any CPU
		{23F56F55-FC64-E0B0-E2F8-8B2C6D097DAA}.Release|Any CPU.ActiveCfg = Release|Any CPU
		{23F56F55-FC64-E0B0-E2F8-8B2C6D097DAA}.Release|Any CPU.Build.0 = Release|Any CPU
		{6DB5C1CC-995C-F34D-ACEF-B3743E85F6F0}.Debug|Any CPU.ActiveCfg = Debug|Any CPU
		{6DB5C1CC-995C-F34D-ACEF-B3743E85F6F0}.Debug|Any CPU.Build.0 = Debug|Any CPU
		{6DB5C1CC-995C-F34D-ACEF-B3743E85F6F0}.Release|Any CPU.ActiveCfg = Release|Any CPU
		{6DB5C1CC-995C-F34D-ACEF-B3743E85F6F0}.Release|Any CPU.Build.0 = Release|Any CPU
		{08B0C7C4-40C2-A438-D343-FC063BB9829F}.Debug|Any CPU.ActiveCfg = Debug|Any CPU
		{08B0C7C4-40C2-A438-D343-FC063BB9829F}.Debug|Any CPU.Build.0 = Debug|Any CPU
		{08B0C7C4-40C2-A438-D343-FC063BB9829F}.Release|Any CPU.ActiveCfg = Release|Any CPU
		{08B0C7C4-40C2-A438-D343-FC063BB9829F}.Release|Any CPU.Build.0 = Release|Any CPU
		{7AC6173A-7071-446A-EE42-09F64C6BFCFE}.Debug|Any CPU.ActiveCfg = Debug|Any CPU
		{7AC6173A-7071-446A-EE42-09F64C6BFCFE}.Debug|Any CPU.Build.0 = Debug|Any CPU
		{7AC6173A-7071-446A-EE42-09F64C6BFCFE}.Release|Any CPU.ActiveCfg = Release|Any CPU
		{7AC6173A-7071-446A-EE42-09F64C6BFCFE}.Release|Any CPU.Build.0 = Release|Any CPU
		{9EFBFEA5-8620-2453-DFE8-E05F79DF775D}.Debug|Any CPU.ActiveCfg = Debug|Any CPU
		{9EFBFEA5-8620-2453-DFE8-E05F79DF775D}.Debug|Any CPU.Build.0 = Debug|Any CPU
		{9EFBFEA5-8620-2453-DFE8-E05F79DF775D}.Release|Any CPU.ActiveCfg = Release|Any CPU
		{9EFBFEA5-8620-2453-DFE8-E05F79DF775D}.Release|Any CPU.Build.0 = Release|Any CPU
		{B3E1D9F4-FB90-F9A1-704A-12FC9B1A9351}.Debug|Any CPU.ActiveCfg = Debug|Any CPU
		{B3E1D9F4-FB90-F9A1-704A-12FC9B1A9351}.Debug|Any CPU.Build.0 = Debug|Any CPU
		{B3E1D9F4-FB90-F9A1-704A-12FC9B1A9351}.Release|Any CPU.ActiveCfg = Release|Any CPU
		{B3E1D9F4-FB90-F9A1-704A-12FC9B1A9351}.Release|Any CPU.Build.0 = Release|Any CPU
		{D75FEF16-29DB-EEB5-B479-727D89AFECDE}.Debug|Any CPU.ActiveCfg = Debug|Any CPU
		{D75FEF16-29DB-EEB5-B479-727D89AFECDE}.Debug|Any CPU.Build.0 = Debug|Any CPU
		{D75FEF16-29DB-EEB5-B479-727D89AFECDE}.Release|Any CPU.ActiveCfg = Release|Any CPU
		{D75FEF16-29DB-EEB5-B479-727D89AFECDE}.Release|Any CPU.Build.0 = Release|Any CPU
		{97A26D26-E3A6-0AD1-64E7-2950DB1457FE}.Debug|Any CPU.ActiveCfg = Debug|Any CPU
		{97A26D26-E3A6-0AD1-64E7-2950DB1457FE}.Debug|Any CPU.Build.0 = Debug|Any CPU
		{97A26D26-E3A6-0AD1-64E7-2950DB1457FE}.Release|Any CPU.ActiveCfg = Release|Any CPU
		{97A26D26-E3A6-0AD1-64E7-2950DB1457FE}.Release|Any CPU.Build.0 = Release|Any CPU
		{C16E06AF-E010-0ECB-3FA3-96E0A1790DEF}.Debug|Any CPU.ActiveCfg = Debug|Any CPU
		{C16E06AF-E010-0ECB-3FA3-96E0A1790DEF}.Debug|Any CPU.Build.0 = Debug|Any CPU
		{C16E06AF-E010-0ECB-3FA3-96E0A1790DEF}.Release|Any CPU.ActiveCfg = Release|Any CPU
		{C16E06AF-E010-0ECB-3FA3-96E0A1790DEF}.Release|Any CPU.Build.0 = Release|Any CPU
		{75724AA4-AD01-A885-A290-088F06EA72B3}.Debug|Any CPU.ActiveCfg = Debug|Any CPU
		{75724AA4-AD01-A885-A290-088F06EA72B3}.Debug|Any CPU.Build.0 = Debug|Any CPU
		{75724AA4-AD01-A885-A290-088F06EA72B3}.Release|Any CPU.ActiveCfg = Release|Any CPU
		{75724AA4-AD01-A885-A290-088F06EA72B3}.Release|Any CPU.Build.0 = Release|Any CPU
		{B570AB66-ECFD-7FCB-12F1-BA3A2A698FF9}.Debug|Any CPU.ActiveCfg = Debug|Any CPU
		{B570AB66-ECFD-7FCB-12F1-BA3A2A698FF9}.Debug|Any CPU.Build.0 = Debug|Any CPU
		{B570AB66-ECFD-7FCB-12F1-BA3A2A698FF9}.Release|Any CPU.ActiveCfg = Release|Any CPU
		{B570AB66-ECFD-7FCB-12F1-BA3A2A698FF9}.Release|Any CPU.Build.0 = Release|Any CPU
		{4043AFC8-FD93-2888-BB0A-2626D868A033}.Debug|Any CPU.ActiveCfg = Debug|Any CPU
		{4043AFC8-FD93-2888-BB0A-2626D868A033}.Debug|Any CPU.Build.0 = Debug|Any CPU
		{4043AFC8-FD93-2888-BB0A-2626D868A033}.Release|Any CPU.ActiveCfg = Release|Any CPU
		{4043AFC8-FD93-2888-BB0A-2626D868A033}.Release|Any CPU.Build.0 = Release|Any CPU
		{43CDAAA1-B71B-8E15-FEAF-1B7AA5D5A12B}.Debug|Any CPU.ActiveCfg = Debug|Any CPU
		{43CDAAA1-B71B-8E15-FEAF-1B7AA5D5A12B}.Debug|Any CPU.Build.0 = Debug|Any CPU
		{43CDAAA1-B71B-8E15-FEAF-1B7AA5D5A12B}.Release|Any CPU.ActiveCfg = Release|Any CPU
		{43CDAAA1-B71B-8E15-FEAF-1B7AA5D5A12B}.Release|Any CPU.Build.0 = Release|Any CPU
		{0E394020-96B6-C0F6-C1E4-4D5D7CC6CEED}.Debug|Any CPU.ActiveCfg = Debug|Any CPU
		{0E394020-96B6-C0F6-C1E4-4D5D7CC6CEED}.Debug|Any CPU.Build.0 = Debug|Any CPU
		{0E394020-96B6-C0F6-C1E4-4D5D7CC6CEED}.Release|Any CPU.ActiveCfg = Release|Any CPU
		{0E394020-96B6-C0F6-C1E4-4D5D7CC6CEED}.Release|Any CPU.Build.0 = Release|Any CPU
		{2141C06A-203C-F8F7-3E38-A61EE1821089}.Debug|Any CPU.ActiveCfg = Debug|Any CPU
		{2141C06A-203C-F8F7-3E38-A61EE1821089}.Debug|Any CPU.Build.0 = Debug|Any CPU
		{2141C06A-203C-F8F7-3E38-A61EE1821089}.Release|Any CPU.ActiveCfg = Release|Any CPU
		{2141C06A-203C-F8F7-3E38-A61EE1821089}.Release|Any CPU.Build.0 = Release|Any CPU
		{2A368A86-F5A2-C15B-3C4C-7C694A62C16E}.Debug|Any CPU.ActiveCfg = Debug|Any CPU
		{2A368A86-F5A2-C15B-3C4C-7C694A62C16E}.Debug|Any CPU.Build.0 = Debug|Any CPU
		{2A368A86-F5A2-C15B-3C4C-7C694A62C16E}.Release|Any CPU.ActiveCfg = Release|Any CPU
		{2A368A86-F5A2-C15B-3C4C-7C694A62C16E}.Release|Any CPU.Build.0 = Release|Any CPU
		{098EFF0F-1512-493F-5BDF-1BDAD1539DB0}.Debug|Any CPU.ActiveCfg = Debug|Any CPU
		{098EFF0F-1512-493F-5BDF-1BDAD1539DB0}.Debug|Any CPU.Build.0 = Debug|Any CPU
		{098EFF0F-1512-493F-5BDF-1BDAD1539DB0}.Release|Any CPU.ActiveCfg = Release|Any CPU
		{098EFF0F-1512-493F-5BDF-1BDAD1539DB0}.Release|Any CPU.Build.0 = Release|Any CPU
		{94AD3C5F-6C36-0F2A-78BE-D0A978C1CEF7}.Debug|Any CPU.ActiveCfg = Debug|Any CPU
		{94AD3C5F-6C36-0F2A-78BE-D0A978C1CEF7}.Debug|Any CPU.Build.0 = Debug|Any CPU
		{94AD3C5F-6C36-0F2A-78BE-D0A978C1CEF7}.Release|Any CPU.ActiveCfg = Release|Any CPU
		{94AD3C5F-6C36-0F2A-78BE-D0A978C1CEF7}.Release|Any CPU.Build.0 = Release|Any CPU
		{1B070270-D035-1F04-524B-D498F4665413}.Debug|Any CPU.ActiveCfg = Debug|Any CPU
		{1B070270-D035-1F04-524B-D498F4665413}.Debug|Any CPU.Build.0 = Debug|Any CPU
		{1B070270-D035-1F04-524B-D498F4665413}.Release|Any CPU.ActiveCfg = Release|Any CPU
		{1B070270-D035-1F04-524B-D498F4665413}.Release|Any CPU.Build.0 = Release|Any CPU
		{0739AB16-8AA0-6F13-81DE-14960E4F6D5F}.Debug|Any CPU.ActiveCfg = Debug|Any CPU
		{0739AB16-8AA0-6F13-81DE-14960E4F6D5F}.Debug|Any CPU.Build.0 = Debug|Any CPU
		{0739AB16-8AA0-6F13-81DE-14960E4F6D5F}.Release|Any CPU.ActiveCfg = Release|Any CPU
		{0739AB16-8AA0-6F13-81DE-14960E4F6D5F}.Release|Any CPU.Build.0 = Release|Any CPU
		{77F04432-69DA-9EBF-74EE-E90D0D16E835}.Debug|Any CPU.ActiveCfg = Debug|Any CPU
		{77F04432-69DA-9EBF-74EE-E90D0D16E835}.Debug|Any CPU.Build.0 = Debug|Any CPU
		{77F04432-69DA-9EBF-74EE-E90D0D16E835}.Release|Any CPU.ActiveCfg = Release|Any CPU
		{77F04432-69DA-9EBF-74EE-E90D0D16E835}.Release|Any CPU.Build.0 = Release|Any CPU
		{27605E7E-9D6B-2FDD-C96B-787006B87DC5}.Debug|Any CPU.ActiveCfg = Debug|Any CPU
		{27605E7E-9D6B-2FDD-C96B-787006B87DC5}.Debug|Any CPU.Build.0 = Debug|Any CPU
		{27605E7E-9D6B-2FDD-C96B-787006B87DC5}.Release|Any CPU.ActiveCfg = Release|Any CPU
		{27605E7E-9D6B-2FDD-C96B-787006B87DC5}.Release|Any CPU.Build.0 = Release|Any CPU
		{7664C89C-3310-D23A-CDB9-0FD6368E8168}.Debug|Any CPU.ActiveCfg = Debug|Any CPU
		{7664C89C-3310-D23A-CDB9-0FD6368E8168}.Debug|Any CPU.Build.0 = Debug|Any CPU
		{7664C89C-3310-D23A-CDB9-0FD6368E8168}.Release|Any CPU.ActiveCfg = Release|Any CPU
		{7664C89C-3310-D23A-CDB9-0FD6368E8168}.Release|Any CPU.Build.0 = Release|Any CPU
		{EF569999-83AE-21AE-36D9-D203E98B31B2}.Debug|Any CPU.ActiveCfg = Debug|Any CPU
		{EF569999-83AE-21AE-36D9-D203E98B31B2}.Debug|Any CPU.Build.0 = Debug|Any CPU
		{EF569999-83AE-21AE-36D9-D203E98B31B2}.Release|Any CPU.ActiveCfg = Release|Any CPU
		{EF569999-83AE-21AE-36D9-D203E98B31B2}.Release|Any CPU.Build.0 = Release|Any CPU
		{F2FC1448-109A-4C29-59DF-62E6FDA7CA9F}.Debug|Any CPU.ActiveCfg = Debug|Any CPU
		{F2FC1448-109A-4C29-59DF-62E6FDA7CA9F}.Debug|Any CPU.Build.0 = Debug|Any CPU
		{F2FC1448-109A-4C29-59DF-62E6FDA7CA9F}.Release|Any CPU.ActiveCfg = Release|Any CPU
		{F2FC1448-109A-4C29-59DF-62E6FDA7CA9F}.Release|Any CPU.Build.0 = Release|Any CPU
		{FAF1BC49-9719-2578-9BE5-6ECE36492387}.Debug|Any CPU.ActiveCfg = Debug|Any CPU
		{FAF1BC49-9719-2578-9BE5-6ECE36492387}.Debug|Any CPU.Build.0 = Debug|Any CPU
		{FAF1BC49-9719-2578-9BE5-6ECE36492387}.Release|Any CPU.ActiveCfg = Release|Any CPU
		{FAF1BC49-9719-2578-9BE5-6ECE36492387}.Release|Any CPU.Build.0 = Release|Any CPU
	EndGlobalSection
	GlobalSection(SolutionProperties) = preSolution
		HideSolutionNode = FALSE
	EndGlobalSection
EndGlobal
